{
  "name": "linql.client-angular",
  "version": "1.0.0",
  "lockfileVersion": 3,
  "requires": true,
  "packages": {
    "": {
      "name": "linql.client-angular",
      "version": "1.0.0",
      "license": "MIT",
      "dependencies": {
        "tslib": "^2.3.0"
      },
      "devDependencies": {
        "linql.client": "^1.0.0-beta.1"
      },
      "peerDependencies": {
        "@angular/common": ">=14.0.0",
        "@angular/core": ">=14.0.0",
        "linql.client": "^1.0.0-beta.1",
        "rxjs": "^7.8.0"
      }
    },
    "node_modules/@angular/common": {
      "version": "17.0.8",
      "resolved": "https://pkgs.dev.azure.com/scriptwellrx/_packaging/scriptwellrx/npm/registry/@angular/common/-/common-17.0.8.tgz",
      "integrity": "sha1-+eNIllYz083MHyyg99OCTocGwe0=",
      "license": "MIT",
      "peer": true,
      "dependencies": {
        "tslib": "^2.3.0"
      },
      "engines": {
        "node": "^18.13.0 || >=20.9.0"
      },
      "peerDependencies": {
        "@angular/core": "17.0.8",
        "rxjs": "^6.5.3 || ^7.4.0"
      }
    },
    "node_modules/@angular/core": {
      "version": "17.0.8",
      "resolved": "https://pkgs.dev.azure.com/scriptwellrx/_packaging/scriptwellrx/npm/registry/@angular/core/-/core-17.0.8.tgz",
      "integrity": "sha1-wptoJ1U+EhN1GUdXJJW8AFjDvb8=",
      "license": "MIT",
      "peer": true,
      "dependencies": {
        "tslib": "^2.3.0"
      },
      "engines": {
        "node": "^18.13.0 || >=20.9.0"
      },
      "peerDependencies": {
        "rxjs": "^6.5.3 || ^7.4.0",
        "zone.js": "~0.14.0"
      }
    },
    "node_modules/acorn-walk": {
      "version": "8.3.1",
      "resolved": "https://pkgs.dev.azure.com/scriptwellrx/_packaging/scriptwellrx/npm/registry/acorn-walk/-/acorn-walk-8.3.1.tgz",
      "integrity": "sha1-LxD1tpMp2QrhjFi/H6j8zYuVmkM=",
      "dev": true,
      "license": "MIT",
      "peer": true,
      "engines": {
        "node": ">=0.4.0"
      }
    },
    "node_modules/data-uri-to-buffer": {
      "version": "4.0.1",
      "resolved": "https://pkgs.dev.azure.com/scriptwellrx/_packaging/scriptwellrx/npm/registry/data-uri-to-buffer/-/data-uri-to-buffer-4.0.1.tgz",
      "integrity": "sha1-2P6ysogeak9YwuCKz9Dig04mIi4=",
      "dev": true,
      "license": "MIT",
      "peer": true,
      "engines": {
        "node": ">= 12"
      }
    },
    "node_modules/fetch-blob": {
      "version": "3.2.0",
      "resolved": "https://pkgs.dev.azure.com/scriptwellrx/_packaging/scriptwellrx/npm/registry/fetch-blob/-/fetch-blob-3.2.0.tgz",
      "integrity": "sha1-8JuNS71Frcbwwgt+eH55PjCdzOk=",
      "dev": true,
      "funding": [
        {
          "type": "github",
          "url": "https://github.com/sponsors/jimmywarting"
        },
        {
          "type": "paypal",
          "url": "https://paypal.me/jimmywarting"
        }
      ],
      "license": "MIT",
      "peer": true,
      "dependencies": {
        "node-domexception": "^1.0.0",
        "web-streams-polyfill": "^3.0.3"
      },
      "engines": {
        "node": "^12.20 || >= 14.13"
      }
    },
    "node_modules/formdata-polyfill": {
      "version": "4.0.10",
      "resolved": "https://pkgs.dev.azure.com/scriptwellrx/_packaging/scriptwellrx/npm/registry/formdata-polyfill/-/formdata-polyfill-4.0.10.tgz",
      "integrity": "sha1-JIB8McnUAuACqz2McgFEzriEhCM=",
      "dev": true,
      "license": "MIT",
      "peer": true,
      "dependencies": {
        "fetch-blob": "^3.1.2"
      },
      "engines": {
        "node": ">=12.20.0"
      }
    },
    "node_modules/linql.client": {
      "version": "1.0.0-beta.17",
      "resolved": "https://pkgs.dev.azure.com/scriptwellrx/_packaging/scriptwellrx/npm/registry/linql.client/-/linql.client-1.0.0-beta.17.tgz",
      "integrity": "sha1-PI/GDZnvXGrlmFOuRTYsjXUTNYI=",
      "dev": true,
      "license": "MIT",
      "dependencies": {
        "tslib": "^2.3.0"
      },
      "peerDependencies": {
        "acorn-walk": "^8.2.0",
        "linql.core": "^1.0.0-beta.1",
        "node-fetch": "^3.3.1"
      }
    },
    "node_modules/linql.core": {
      "version": "1.0.0-beta.16",
      "resolved": "https://pkgs.dev.azure.com/scriptwellrx/_packaging/scriptwellrx/npm/registry/linql.core/-/linql.core-1.0.0-beta.16.tgz",
      "integrity": "sha1-Lx3MFwGYx/rslvayY/2q2Mlo6vk=",
      "dev": true,
      "license": "MIT",
      "peer": true,
      "dependencies": {
        "tslib": "^2.3.0"
      }
    },
    "node_modules/node-domexception": {
      "version": "1.0.0",
      "resolved": "https://pkgs.dev.azure.com/scriptwellrx/_packaging/scriptwellrx/npm/registry/node-domexception/-/node-domexception-1.0.0.tgz",
      "integrity": "sha1-aIjbRqH3HAt2s/dVUBa2P+ZHZuU=",
      "dev": true,
      "funding": [
        {
          "type": "github",
          "url": "https://github.com/sponsors/jimmywarting"
        },
        {
          "type": "github",
          "url": "https://paypal.me/jimmywarting"
        }
      ],
      "license": "MIT",
      "peer": true,
      "engines": {
        "node": ">=10.5.0"
      }
    },
    "node_modules/node-fetch": {
      "version": "3.3.2",
      "resolved": "https://pkgs.dev.azure.com/scriptwellrx/_packaging/scriptwellrx/npm/registry/node-fetch/-/node-fetch-3.3.2.tgz",
      "integrity": "sha1-0eiJus33M7T/OyskPrehKGagt4s=",
      "dev": true,
      "license": "MIT",
      "peer": true,
      "dependencies": {
        "data-uri-to-buffer": "^4.0.0",
        "fetch-blob": "^3.1.4",
        "formdata-polyfill": "^4.0.10"
      },
      "engines": {
        "node": "^12.20.0 || ^14.13.1 || >=16.0.0"
      },
      "funding": {
        "type": "opencollective",
        "url": "https://opencollective.com/node-fetch"
      }
    },
    "node_modules/rxjs": {
      "version": "7.8.1",
      "resolved": "https://pkgs.dev.azure.com/scriptwellrx/_packaging/scriptwellrx/npm/registry/rxjs/-/rxjs-7.8.1.tgz",
      "integrity": "sha1-b289meqARCke/ZLnx/z1YsQFdUM=",
      "license": "Apache-2.0",
      "peer": true,
      "dependencies": {
        "tslib": "^2.1.0"
      }
    },
    "node_modules/tslib": {
      "version": "2.6.2",
      "resolved": "https://pkgs.dev.azure.com/scriptwellrx/_packaging/scriptwellrx/npm/registry/tslib/-/tslib-2.6.2.tgz",
      "integrity": "sha1-cDrClCXns3zW/UVukkBNRtHz5K4=",
      "license": "0BSD"
    },
    "node_modules/web-streams-polyfill": {
      "version": "3.2.1",
      "resolved": "https://pkgs.dev.azure.com/scriptwellrx/_packaging/scriptwellrx/npm/registry/web-streams-polyfill/-/web-streams-polyfill-3.2.1.tgz",
      "integrity": "sha1-ccJxjFK0X9Sdvu6IY0s6YM6rQqY=",
      "dev": true,
      "license": "MIT",
      "peer": true,
      "engines": {
        "node": ">= 8"
      }
    },
    "node_modules/zone.js": {
      "version": "0.14.2",
      "resolved": "https://pkgs.dev.azure.com/scriptwellrx/_packaging/scriptwellrx/npm/registry/zone.js/-/zone.js-0.14.2.tgz",
      "integrity": "sha1-kbILJOirmlp08xntWjAA8jT/o7Y=",
      "license": "MIT",
      "peer": true,
      "dependencies": {
        "tslib": "^2.3.0"
      }
    }
  }
}
